
Microsoft Visual Studio Solution File, Format Version 12.00
# Visual Studio Version 17
VisualStudioVersion = 17.12.35506.116 d17.12
MinimumVisualStudioVersion = 10.0.40219.1
Project("{2150E333-8FDC-42A3-9474-1A3956D46DE8}") = "src", "src", "{2CB1BB2A-10F8-4835-919D-284D211D1993}"
EndProject
Project("{2150E333-8FDC-42A3-9474-1A3956D46DE8}") = "tests", "tests", "{E4BCF9B1-911B-4039-A992-AD0E3C9659DC}"
EndProject
Project("{2150E333-8FDC-42A3-9474-1A3956D46DE8}") = "Backend", "Backend", "{982783E7-8FAC-445F-BF51-2BFB746FABA2}"
EndProject
Project("{2150E333-8FDC-42A3-9474-1A3956D46DE8}") = "Shared", "Shared", "{1A996793-026A-478D-B032-DCF879961042}"
EndProject
Project("{FAE04EC0-301F-11D3-BF4B-00C04F79EFBC}") = "MyWebAPIStudies.API", "src\Backend\MyWebAPIStudies.API\MyWebAPIStudies.API.csproj", "{10ADA005-306F-4A91-B438-5BE2491F2CF2}"
EndProject
Global
	GlobalSection(SolutionConfigurationPlatforms) = preSolution
		Debug|Any CPU = Debug|Any CPU
		Release|Any CPU = Release|Any CPU
	EndGlobalSection
	GlobalSection(ProjectConfigurationPlatforms) = postSolution
		{10ADA005-306F-4A91-B438-5BE2491F2CF2}.Debug|Any CPU.ActiveCfg = Debug|Any CPU
		{10ADA005-306F-4A91-B438-5BE2491F2CF2}.Debug|Any CPU.Build.0 = Debug|Any CPU
		{10ADA005-306F-4A91-B438-5BE2491F2CF2}.Release|Any CPU.ActiveCfg = Release|Any CPU
		{10ADA005-306F-4A91-B438-5BE2491F2CF2}.Release|Any CPU.Build.0 = Release|Any CPU
	EndGlobalSection
	GlobalSection(SolutionProperties) = preSolution
		HideSolutionNode = FALSE
	EndGlobalSection
	GlobalSection(NestedProjects) = preSolution
		{982783E7-8FAC-445F-BF51-2BFB746FABA2} = {2CB1BB2A-10F8-4835-919D-284D211D1993}
		{1A996793-026A-478D-B032-DCF879961042} = {2CB1BB2A-10F8-4835-919D-284D211D1993}
		{10ADA005-306F-4A91-B438-5BE2491F2CF2} = {982783E7-8FAC-445F-BF51-2BFB746FABA2}
	EndGlobalSection
EndGlobal
